// !$*UTF8*$!
{
	archiveVersion = 1;
	classes = {
	};
	objectVersion = 46;
	objects = {

/* Begin PBXBuildFile section */
		DF1156A51EB3858300063C4B /* Screen Shot 2017-04-28 at 17.11.09.png in Resources */ = {isa = PBXBuildFile; fileRef = DF1156A41EB3858300063C4B /* Screen Shot 2017-04-28 at 17.11.09.png */; };
		DF52524B1EB13B6C009DDAB1 /* AppDelegate.swift in Sources */ = {isa = PBXBuildFile; fileRef = DF52524A1EB13B6C009DDAB1 /* AppDelegate.swift */; };
		DF5252521EB13B6C009DDAB1 /* Main.storyboard in Resources */ = {isa = PBXBuildFile; fileRef = DF5252501EB13B6C009DDAB1 /* Main.storyboard */; };
		DF5252541EB13B6C009DDAB1 /* Assets.xcassets in Resources */ = {isa = PBXBuildFile; fileRef = DF5252531EB13B6C009DDAB1 /* Assets.xcassets */; };
		DF5252571EB13B6C009DDAB1 /* LaunchScreen.storyboard in Resources */ = {isa = PBXBuildFile; fileRef = DF5252551EB13B6C009DDAB1 /* LaunchScreen.storyboard */; };
		DF5252621EB13B6C009DDAB1 /* INGHackthonTests.swift in Sources */ = {isa = PBXBuildFile; fileRef = DF5252611EB13B6C009DDAB1 /* INGHackthonTests.swift */; };
		DF52526D1EB13B6C009DDAB1 /* INGHackthonUITests.swift in Sources */ = {isa = PBXBuildFile; fileRef = DF52526C1EB13B6C009DDAB1 /* INGHackthonUITests.swift */; };
		DF52527B1EB1424C009DDAB1 /* HomeTableViewController.swift in Sources */ = {isa = PBXBuildFile; fileRef = DF52527A1EB1424C009DDAB1 /* HomeTableViewController.swift */; };
		DF52527D1EB14266009DDAB1 /* SearchTableViewController.swift in Sources */ = {isa = PBXBuildFile; fileRef = DF52527C1EB14266009DDAB1 /* SearchTableViewController.swift */; };
/* End PBXBuildFile section */

/* Begin PBXContainerItemProxy section */
		DF52525E1EB13B6C009DDAB1 /* PBXContainerItemProxy */ = {
			isa = PBXContainerItemProxy;
			containerPortal = DF52523F1EB13B6C009DDAB1 /* Project object */;
			proxyType = 1;
			remoteGlobalIDString = DF5252461EB13B6C009DDAB1;
			remoteInfo = INGHackthon;
		};
		DF5252691EB13B6C009DDAB1 /* PBXContainerItemProxy */ = {
			isa = PBXContainerItemProxy;
			containerPortal = DF52523F1EB13B6C009DDAB1 /* Project object */;
			proxyType = 1;
			remoteGlobalIDString = DF5252461EB13B6C009DDAB1;
			remoteInfo = INGHackthon;
		};
/* End PBXContainerItemProxy section */

/* Begin PBXFileReference section */
		DF1156A41EB3858300063C4B /* Screen Shot 2017-04-28 at 17.11.09.png */ = {isa = PBXFileReference; lastKnownFileType = image.png; path = "Screen Shot 2017-04-28 at 17.11.09.png"; sourceTree = "<group>"; };
		DF5252471EB13B6C009DDAB1 /* INGHackthon.app */ = {isa = PBXFileReference; explicitFileType = wrapper.application; includeInIndex = 0; path = INGHackthon.app; sourceTree = BUILT_PRODUCTS_DIR; };
		DF52524A1EB13B6C009DDAB1 /* AppDelegate.swift */ = {isa = PBXFileReference; lastKnownFileType = sourcecode.swift; path = AppDelegate.swift; sourceTree = "<group>"; };
		DF5252511EB13B6C009DDAB1 /* Base */ = {isa = PBXFileReference; lastKnownFileType = file.storyboard; name = Base; path = Base.lproj/Main.storyboard; sourceTree = "<group>"; };
		DF5252531EB13B6C009DDAB1 /* Assets.xcassets */ = {isa = PBXFileReference; lastKnownFileType = folder.assetcatalog; path = Assets.xcassets; sourceTree = "<group>"; };
		DF5252561EB13B6C009DDAB1 /* Base */ = {isa = PBXFileReference; lastKnownFileType = file.storyboard; name = Base; path = Base.lproj/LaunchScreen.storyboard; sourceTree = "<group>"; };
		DF5252581EB13B6C009DDAB1 /* Info.plist */ = {isa = PBXFileReference; lastKnownFileType = text.plist.xml; path = Info.plist; sourceTree = "<group>"; };
		DF52525D1EB13B6C009DDAB1 /* INGHackthonTests.xctest */ = {isa = PBXFileReference; explicitFileType = wrapper.cfbundle; includeInIndex = 0; path = INGHackthonTests.xctest; sourceTree = BUILT_PRODUCTS_DIR; };
		DF5252611EB13B6C009DDAB1 /* INGHackthonTests.swift */ = {isa = PBXFileReference; lastKnownFileType = sourcecode.swift; path = INGHackthonTests.swift; sourceTree = "<group>"; };
		DF5252631EB13B6C009DDAB1 /* Info.plist */ = {isa = PBXFileReference; lastKnownFileType = text.plist.xml; path = Info.plist; sourceTree = "<group>"; };
		DF5252681EB13B6C009DDAB1 /* INGHackthonUITests.xctest */ = {isa = PBXFileReference; explicitFileType = wrapper.cfbundle; includeInIndex = 0; path = INGHackthonUITests.xctest; sourceTree = BUILT_PRODUCTS_DIR; };
		DF52526C1EB13B6C009DDAB1 /* INGHackthonUITests.swift */ = {isa = PBXFileReference; lastKnownFileType = sourcecode.swift; path = INGHackthonUITests.swift; sourceTree = "<group>"; };
		DF52526E1EB13B6C009DDAB1 /* Info.plist */ = {isa = PBXFileReference; lastKnownFileType = text.plist.xml; path = Info.plist; sourceTree = "<group>"; };
		DF52527A1EB1424C009DDAB1 /* HomeTableViewController.swift */ = {isa = PBXFileReference; fileEncoding = 4; lastKnownFileType = sourcecode.swift; path = HomeTableViewController.swift; sourceTree = "<group>"; };
		DF52527C1EB14266009DDAB1 /* SearchTableViewController.swift */ = {isa = PBXFileReference; fileEncoding = 4; lastKnownFileType = sourcecode.swift; path = SearchTableViewController.swift; sourceTree = "<group>"; };
/* End PBXFileReference section */

/* Begin PBXFrameworksBuildPhase section */
		DF5252441EB13B6C009DDAB1 /* Frameworks */ = {
			isa = PBXFrameworksBuildPhase;
			buildActionMask = 2147483647;
			files = (
			);
			runOnlyForDeploymentPostprocessing = 0;
		};
		DF52525A1EB13B6C009DDAB1 /* Frameworks */ = {
			isa = PBXFrameworksBuildPhase;
			buildActionMask = 2147483647;
			files = (
			);
			runOnlyForDeploymentPostprocessing = 0;
		};
		DF5252651EB13B6C009DDAB1 /* Frameworks */ = {
			isa = PBXFrameworksBuildPhase;
			buildActionMask = 2147483647;
			files = (
			);
			runOnlyForDeploymentPostprocessing = 0;
		};
/* End PBXFrameworksBuildPhase section */

/* Begin PBXGroup section */
		DF1156A31EB3852400063C4B /* images */ = {
			isa = PBXGroup;
			children = (
				DF1156A41EB3858300063C4B /* Screen Shot 2017-04-28 at 17.11.09.png */,
			);
			path = images;
			sourceTree = "<group>";
		};
		DF52523E1EB13B6C009DDAB1 = {
			isa = PBXGroup;
			children = (
				DF5252491EB13B6C009DDAB1 /* INGHackthon */,
				DF5252601EB13B6C009DDAB1 /* INGHackthonTests */,
				DF52526B1EB13B6C009DDAB1 /* INGHackthonUITests */,
				DF5252481EB13B6C009DDAB1 /* Products */,
			);
			sourceTree = "<group>";
		};
		DF5252481EB13B6C009DDAB1 /* Products */ = {
			isa = PBXGroup;
			children = (
				DF5252471EB13B6C009DDAB1 /* INGHackthon.app */,
				DF52525D1EB13B6C009DDAB1 /* INGHackthonTests.xctest */,
				DF5252681EB13B6C009DDAB1 /* INGHackthonUITests.xctest */,
			);
			name = Products;
			sourceTree = "<group>";
		};
		DF5252491EB13B6C009DDAB1 /* INGHackthon */ = {
			isa = PBXGroup;
			children = (
				DF1156A31EB3852400063C4B /* images */,
				DF52524A1EB13B6C009DDAB1 /* AppDelegate.swift */,
				DF5252501EB13B6C009DDAB1 /* Main.storyboard */,
				DF5252531EB13B6C009DDAB1 /* Assets.xcassets */,
				DF5252551EB13B6C009DDAB1 /* LaunchScreen.storyboard */,
				DF5252581EB13B6C009DDAB1 /* Info.plist */,
				DF52527A1EB1424C009DDAB1 /* HomeTableViewController.swift */,
				DF52527C1EB14266009DDAB1 /* SearchTableViewController.swift */,
			);
			path = INGHackthon;
			sourceTree = "<group>";
		};
		DF5252601EB13B6C009DDAB1 /* INGHackthonTests */ = {
			isa = PBXGroup;
			children = (
				DF5252611EB13B6C009DDAB1 /* INGHackthonTests.swift */,
				DF5252631EB13B6C009DDAB1 /* Info.plist */,
			);
			path = INGHackthonTests;
			sourceTree = "<group>";
		};
		DF52526B1EB13B6C009DDAB1 /* INGHackthonUITests */ = {
			isa = PBXGroup;
			children = (
				DF52526C1EB13B6C009DDAB1 /* INGHackthonUITests.swift */,
				DF52526E1EB13B6C009DDAB1 /* Info.plist */,
			);
			path = INGHackthonUITests;
			sourceTree = "<group>";
		};
/* End PBXGroup section */

/* Begin PBXNativeTarget section */
		DF5252461EB13B6C009DDAB1 /* INGHackthon */ = {
			isa = PBXNativeTarget;
			buildConfigurationList = DF5252711EB13B6C009DDAB1 /* Build configuration list for PBXNativeTarget "INGHackthon" */;
			buildPhases = (
				DF5252431EB13B6C009DDAB1 /* Sources */,
				DF5252441EB13B6C009DDAB1 /* Frameworks */,
				DF5252451EB13B6C009DDAB1 /* Resources */,
			);
			buildRules = (
			);
			dependencies = (
			);
			name = INGHackthon;
			productName = INGHackthon;
			productReference = DF5252471EB13B6C009DDAB1 /* INGHackthon.app */;
			productType = "com.apple.product-type.application";
		};
		DF52525C1EB13B6C009DDAB1 /* INGHackthonTests */ = {
			isa = PBXNativeTarget;
			buildConfigurationList = DF5252741EB13B6C009DDAB1 /* Build configuration list for PBXNativeTarget "INGHackthonTests" */;
			buildPhases = (
				DF5252591EB13B6C009DDAB1 /* Sources */,
				DF52525A1EB13B6C009DDAB1 /* Frameworks */,
				DF52525B1EB13B6C009DDAB1 /* Resources */,
			);
			buildRules = (
			);
			dependencies = (
				DF52525F1EB13B6C009DDAB1 /* PBXTargetDependency */,
			);
			name = INGHackthonTests;
			productName = INGHackthonTests;
			productReference = DF52525D1EB13B6C009DDAB1 /* INGHackthonTests.xctest */;
			productType = "com.apple.product-type.bundle.unit-test";
		};
		DF5252671EB13B6C009DDAB1 /* INGHackthonUITests */ = {
			isa = PBXNativeTarget;
			buildConfigurationList = DF5252771EB13B6C009DDAB1 /* Build configuration list for PBXNativeTarget "INGHackthonUITests" */;
			buildPhases = (
				DF5252641EB13B6C009DDAB1 /* Sources */,
				DF5252651EB13B6C009DDAB1 /* Frameworks */,
				DF5252661EB13B6C009DDAB1 /* Resources */,
			);
			buildRules = (
			);
			dependencies = (
				DF52526A1EB13B6C009DDAB1 /* PBXTargetDependency */,
			);
			name = INGHackthonUITests;
			productName = INGHackthonUITests;
			productReference = DF5252681EB13B6C009DDAB1 /* INGHackthonUITests.xctest */;
			productType = "com.apple.product-type.bundle.ui-testing";
		};
/* End PBXNativeTarget section */

/* Begin PBXProject section */
		DF52523F1EB13B6C009DDAB1 /* Project object */ = {
			isa = PBXProject;
			attributes = {
				LastSwiftUpdateCheck = 0830;
				LastUpgradeCheck = 0830;
				ORGANIZATIONNAME = "ING BANK";
				TargetAttributes = {
					DF5252461EB13B6C009DDAB1 = {
						CreatedOnToolsVersion = 8.3.2;
						DevelopmentTeam = 2GKG6WK3GH;
						ProvisioningStyle = Automatic;
					};
					DF52525C1EB13B6C009DDAB1 = {
						CreatedOnToolsVersion = 8.3.2;
						DevelopmentTeam = 2GKG6WK3GH;
						ProvisioningStyle = Automatic;
						TestTargetID = DF5252461EB13B6C009DDAB1;
					};
					DF5252671EB13B6C009DDAB1 = {
						CreatedOnToolsVersion = 8.3.2;
						DevelopmentTeam = 2GKG6WK3GH;
						ProvisioningStyle = Automatic;
						TestTargetID = DF5252461EB13B6C009DDAB1;
					};
				};
			};
			buildConfigurationList = DF5252421EB13B6C009DDAB1 /* Build configuration list for PBXProject "INGHackthon" */;
			compatibilityVersion = "Xcode 3.2";
			developmentRegion = English;
			hasScannedForEncodings = 0;
			knownRegions = (
				en,
				Base,
			);
			mainGroup = DF52523E1EB13B6C009DDAB1;
			productRefGroup = DF5252481EB13B6C009DDAB1 /* Products */;
			projectDirPath = "";
			projectRoot = "";
			targets = (
				DF5252461EB13B6C009DDAB1 /* INGHackthon */,
				DF52525C1EB13B6C009DDAB1 /* INGHackthonTests */,
				DF5252671EB13B6C009DDAB1 /* INGHackthonUITests */,
			);
		};
/* End PBXProject section */

/* Begin PBXResourcesBuildPhase section */
		DF5252451EB13B6C009DDAB1 /* Resources */ = {
			isa = PBXResourcesBuildPhase;
			buildActionMask = 2147483647;
			files = (
				DF5252571EB13B6C009DDAB1 /* LaunchScreen.storyboard in Resources */,
				DF1156A51EB3858300063C4B /* Screen Shot 2017-04-28 at 17.11.09.png in Resources */,
				DF5252541EB13B6C009DDAB1 /* Assets.xcassets in Resources */,
				DF5252521EB13B6C009DDAB1 /* Main.storyboard in Resources */,
			);
			runOnlyForDeploymentPostprocessing = 0;
		};
		DF52525B1EB13B6C009DDAB1 /* Resources */ = {
			isa = PBXResourcesBuildPhase;
			buildActionMask = 2147483647;
			files = (
			);
			runOnlyForDeploymentPostprocessing = 0;
		};
		DF5252661EB13B6C009DDAB1 /* Resources */ = {
			isa = PBXResourcesBuildPhase;
			buildActionMask = 2147483647;
			files = (
			);
			runOnlyForDeploymentPostprocessing = 0;
		};
/* End PBXResourcesBuildPhase section */

/* Begin PBXSourcesBuildPhase section */
		DF5252431EB13B6C009DDAB1 /* Sources */ = {
			isa = PBXSourcesBuildPhase;
			buildActionMask = 2147483647;
			files = (
				DF52527B1EB1424C009DDAB1 /* HomeTableViewController.swift in Sources */,
				DF52527D1EB14266009DDAB1 /* SearchTableViewController.swift in Sources */,
				DF52524B1EB13B6C009DDAB1 /* AppDelegate.swift in Sources */,
			);
			runOnlyForDeploymentPostprocessing = 0;
		};
		DF5252591EB13B6C009DDAB1 /* Sources */ = {
			isa = PBXSourcesBuildPhase;
			buildActionMask = 2147483647;
			files = (
				DF5252621EB13B6C009DDAB1 /* INGHackthonTests.swift in Sources */,
			);
			runOnlyForDeploymentPostprocessing = 0;
		};
		DF5252641EB13B6C009DDAB1 /* Sources */ = {
			isa = PBXSourcesBuildPhase;
			buildActionMask = 2147483647;
			files = (
				DF52526D1EB13B6C009DDAB1 /* INGHackthonUITests.swift in Sources */,
			);
			runOnlyForDeploymentPostprocessing = 0;
		};
/* End PBXSourcesBuildPhase section */

/* Begin PBXTargetDependency section */
		DF52525F1EB13B6C009DDAB1 /* PBXTargetDependency */ = {
			isa = PBXTargetDependency;
			target = DF5252461EB13B6C009DDAB1 /* INGHackthon */;
			targetProxy = DF52525E1EB13B6C009DDAB1 /* PBXContainerItemProxy */;
		};
		DF52526A1EB13B6C009DDAB1 /* PBXTargetDependency */ = {
			isa = PBXTargetDependency;
			target = DF5252461EB13B6C009DDAB1 /* INGHackthon */;
			targetProxy = DF5252691EB13B6C009DDAB1 /* PBXContainerItemProxy */;
		};
/* End PBXTargetDependency section */

/* Begin PBXVariantGroup section */
		DF5252501EB13B6C009DDAB1 /* Main.storyboard */ = {
			isa = PBXVariantGroup;
			children = (
				DF5252511EB13B6C009DDAB1 /* Base */,
			);
			name = Main.storyboard;
			sourceTree = "<group>";
		};
		DF5252551EB13B6C009DDAB1 /* LaunchScreen.storyboard */ = {
			isa = PBXVariantGroup;
			children = (
				DF5252561EB13B6C009DDAB1 /* Base */,
			);
			name = LaunchScreen.storyboard;
			sourceTree = "<group>";
		};
/* End PBXVariantGroup section */

/* Begin XCBuildConfiguration section */
		DF52526F1EB13B6C009DDAB1 /* Debug */ = {
			isa = XCBuildConfiguration;
			buildSettings = {
				ALWAYS_SEARCH_USER_PATHS = NO;
				CLANG_ANALYZER_NONNULL = YES;
				CLANG_ANALYZER_NUMBER_OBJECT_CONVERSION = YES_AGGRESSIVE;
				CLANG_CXX_LANGUAGE_STANDARD = "gnu++0x";
				CLANG_CXX_LIBRARY = "libc++";
				CLANG_ENABLE_MODULES = YES;
				CLANG_ENABLE_OBJC_ARC = YES;
				CLANG_WARN_BOOL_CONVERSION = YES;
				CLANG_WARN_CONSTANT_CONVERSION = YES;
				CLANG_WARN_DIRECT_OBJC_ISA_USAGE = YES_ERROR;
				CLANG_WARN_DOCUMENTATION_COMMENTS = YES;
				CLANG_WARN_EMPTY_BODY = YES;
				CLANG_WARN_ENUM_CONVERSION = YES;
				CLANG_WARN_INFINITE_RECURSION = YES;
				CLANG_WARN_INT_CONVERSION = YES;
				CLANG_WARN_OBJC_ROOT_CLASS = YES_ERROR;
				CLANG_WARN_SUSPICIOUS_MOVE = YES;
				CLANG_WARN_UNREACHABLE_CODE = YES;
				CLANG_WARN__DUPLICATE_METHOD_MATCH = YES;
				"CODE_SIGN_IDENTITY[sdk=iphoneos*]" = "iPhone Developer";
				COPY_PHASE_STRIP = NO;
				DEBUG_INFORMATION_FORMAT = dwarf;
				ENABLE_STRICT_OBJC_MSGSEND = YES;
				ENABLE_TESTABILITY = YES;
				GCC_C_LANGUAGE_STANDARD = gnu99;
				GCC_DYNAMIC_NO_PIC = NO;
				GCC_NO_COMMON_BLOCKS = YES;
				GCC_OPTIMIZATION_LEVEL = 0;
				GCC_PREPROCESSOR_DEFINITIONS = (
					"DEBUG=1",
					"$(inherited)",
				);
				GCC_WARN_64_TO_32_BIT_CONVERSION = YES;
				GCC_WARN_ABOUT_RETURN_TYPE = YES_ERROR;
				GCC_WARN_UNDECLARED_SELECTOR = YES;
				GCC_WARN_UNINITIALIZED_AUTOS = YES_AGGRESSIVE;
				GCC_WARN_UNUSED_FUNCTION = YES;
				GCC_WARN_UNUSED_VARIABLE = YES;
				IPHONEOS_DEPLOYMENT_TARGET = 10.3;
				MTL_ENABLE_DEBUG_INFO = YES;
				ONLY_ACTIVE_ARCH = YES;
				SDKROOT = iphoneos;
				SWIFT_ACTIVE_COMPILATION_CONDITIONS = DEBUG;
				SWIFT_OPTIMIZATION_LEVEL = "-Onone";
			};
			name = Debug;
		};
		DF5252701EB13B6C009DDAB1 /* Release */ = {
			isa = XCBuildConfiguration;
			buildSettings = {
				ALWAYS_SEARCH_USER_PATHS = NO;
				CLANG_ANALYZER_NONNULL = YES;
				CLANG_ANALYZER_NUMBER_OBJECT_CONVERSION = YES_AGGRESSIVE;
				CLANG_CXX_LANGUAGE_STANDARD = "gnu++0x";
				CLANG_CXX_LIBRARY = "libc++";
				CLANG_ENABLE_MODULES = YES;
				CLANG_ENABLE_OBJC_ARC = YES;
				CLANG_WARN_BOOL_CONVERSION = YES;
				CLANG_WARN_CONSTANT_CONVERSION = YES;
				CLANG_WARN_DIRECT_OBJC_ISA_USAGE = YES_ERROR;
				CLANG_WARN_DOCUMENTATION_COMMENTS = YES;
				CLANG_WARN_EMPTY_BODY = YES;
				CLANG_WARN_ENUM_CONVERSION = YES;
				CLANG_WARN_INFINITE_RECURSION = YES;
				CLANG_WARN_INT_CONVERSION = YES;
				CLANG_WARN_OBJC_ROOT_CLASS = YES_ERROR;
				CLANG_WARN_SUSPICIOUS_MOVE = YES;
				CLANG_WARN_UNREACHABLE_CODE = YES;
				CLANG_WARN__DUPLICATE_METHOD_MATCH = YES;
				"CODE_SIGN_IDENTITY[sdk=iphoneos*]" = "iPhone Developer";
				COPY_PHASE_STRIP = NO;
				DEBUG_INFORMATION_FORMAT = "dwarf-with-dsym";
				ENABLE_NS_ASSERTIONS = NO;
				ENABLE_STRICT_OBJC_MSGSEND = YES;
				GCC_C_LANGUAGE_STANDARD = gnu99;
				GCC_NO_COMMON_BLOCKS = YES;
				GCC_WARN_64_TO_32_BIT_CONVERSION = YES;
				GCC_WARN_ABOUT_RETURN_TYPE = YES_ERROR;
				GCC_WARN_UNDECLARED_SELECTOR = YES;
				GCC_WARN_UNINITIALIZED_AUTOS = YES_AGGRESSIVE;
				GCC_WARN_UNUSED_FUNCTION = YES;
				GCC_WARN_UNUSED_VARIABLE = YES;
				IPHONEOS_DEPLOYMENT_TARGET = 10.3;
				MTL_ENABLE_DEBUG_INFO = NO;
				SDKROOT = iphoneos;
				SWIFT_OPTIMIZATION_LEVEL = "-Owholemodule";
				VALIDATE_PRODUCT = YES;
			};
			name = Release;
		};
		DF5252721EB13B6C009DDAB1 /* Debug */ = {
			isa = XCBuildConfiguration;
			buildSettings = {
				ASSETCATALOG_COMPILER_APPICON_NAME = AppIcon;
				DEVELOPMENT_TEAM = 2GKG6WK3GH;
				INFOPLIST_FILE = INGHackthon/Info.plist;
				LD_RUNPATH_SEARCH_PATHS = "$(inherited) @executable_path/Frameworks";
				PRODUCT_BUNDLE_IDENTIFIER = com.ingbank.INGHackthon;
				PRODUCT_NAME = "$(TARGET_NAME)";
				SWIFT_VERSION = 3.0;
			};
			name = Debug;
		};
		DF5252731EB13B6C009DDAB1 /* Release */ = {
			isa = XCBuildConfiguration;
			buildSettings = {
				ASSETCATALOG_COMPILER_APPICON_NAME = AppIcon;
				DEVELOPMENT_TEAM = 2GKG6WK3GH;
				INFOPLIST_FILE = INGHackthon/Info.plist;
				LD_RUNPATH_SEARCH_PATHS = "$(inherited) @executable_path/Frameworks";
				PRODUCT_BUNDLE_IDENTIFIER = com.ingbank.INGHackthon;
				PRODUCT_NAME = "$(TARGET_NAME)";
				SWIFT_VERSION = 3.0;
			};
			name = Release;
		};
		DF5252751EB13B6C009DDAB1 /* Debug */ = {
			isa = XCBuildConfiguration;
			buildSettings = {
				ALWAYS_EMBED_SWIFT_STANDARD_LIBRARIES = YES;
				BUNDLE_LOADER = "$(TEST_HOST)";
				DEVELOPMENT_TEAM = 2GKG6WK3GH;
				INFOPLIST_FILE = INGHackthonTests/Info.plist;
				LD_RUNPATH_SEARCH_PATHS = "$(inherited) @executable_path/Frameworks @loader_path/Frameworks";
				PRODUCT_BUNDLE_IDENTIFIER = com.ingbank.INGHackthonTests;
				PRODUCT_NAME = "$(TARGET_NAME)";
				SWIFT_VERSION = 3.0;
				TEST_HOST = "$(BUILT_PRODUCTS_DIR)/INGHackthon.app/INGHackthon";
			};
			name = Debug;
		};
		DF5252761EB13B6C009DDAB1 /* Release */ = {
			isa = XCBuildConfiguration;
			buildSettings = {
				ALWAYS_EMBED_SWIFT_STANDARD_LIBRARIES = YES;
				BUNDLE_LOADER = "$(TEST_HOST)";
				DEVELOPMENT_TEAM = 2GKG6WK3GH;
				INFOPLIST_FILE = INGHackthonTests/Info.plist;
				LD_RUNPATH_SEARCH_PATHS = "$(inherited) @executable_path/Frameworks @loader_path/Frameworks";
				PRODUCT_BUNDLE_IDENTIFIER = com.ingbank.INGHackthonTests;
				PRODUCT_NAME = "$(TARGET_NAME)";
				SWIFT_VERSION = 3.0;
				TEST_HOST = "$(BUILT_PRODUCTS_DIR)/INGHackthon.app/INGHackthon";
			};
			name = Release;
		};
		DF5252781EB13B6C009DDAB1 /* Debug */ = {
			isa = XCBuildConfiguration;
			buildSettings = {
				ALWAYS_EMBED_SWIFT_STANDARD_LIBRARIES = YES;
				DEVELOPMENT_TEAM = 2GKG6WK3GH;
				INFOPLIST_FILE = INGHackthonUITests/Info.plist;
				LD_RUNPATH_SEARCH_PATHS = "$(inherited) @executable_path/Frameworks @loader_path/Frameworks";
				PRODUCT_BUNDLE_IDENTIFIER = com.ingbank.INGHackthonUITests;
				PRODUCT_NAME = "$(TARGET_NAME)";
				SWIFT_VERSION = 3.0;
				TEST_TARGET_NAME = INGHackthon;
			};
			name = Debug;
		};
		DF5252791EB13B6C009DDAB1 /* Release */ = {
			isa = XCBuildConfiguration;
			buildSettings = {
				ALWAYS_EMBED_SWIFT_STANDARD_LIBRARIES = YES;
				DEVELOPMENT_TEAM = 2GKG6WK3GH;
				INFOPLIST_FILE = INGHackthonUITests/Info.plist;
				LD_RUNPATH_SEARCH_PATHS = "$(inherited) @executable_path/Frameworks @loader_path/Frameworks";
				PRODUCT_BUNDLE_IDENTIFIER = com.ingbank.INGHackthonUITests;
				PRODUCT_NAME = "$(TARGET_NAME)";
				SWIFT_VERSION = 3.0;
				TEST_TARGET_NAME = INGHackthon;
			};
			name = Release;
		};
/* End XCBuildConfiguration section */

/* Begin XCConfigurationList section */
		DF5252421EB13B6C009DDAB1 /* Build configuration list for PBXProject "INGHackthon" */ = {
			isa = XCConfigurationList;
			buildConfigurations = (
				DF52526F1EB13B6C009DDAB1 /* Debug */,
				DF5252701EB13B6C009DDAB1 /* Release */,
			);
			defaultConfigurationIsVisible = 0;
			defaultConfigurationName = Release;
		};
		DF5252711EB13B6C009DDAB1 /* Build configuration list for PBXNativeTarget "INGHackthon" */ = {
			isa = XCConfigurationList;
			buildConfigurations = (
				DF5252721EB13B6C009DDAB1 /* Debug */,
				DF5252731EB13B6C009DDAB1 /* Release */,
			);
			defaultConfigurationIsVisible = 0;
			defaultConfigurationName = Release;
		};
		DF5252741EB13B6C009DDAB1 /* Build configuration list for PBXNativeTarget "INGHackthonTests" */ = {
			isa = XCConfigurationList;
			buildConfigurations = (
				DF5252751EB13B6C009DDAB1 /* Debug */,
				DF5252761EB13B6C009DDAB1 /* Release */,
			);
			defaultConfigurationIsVisible = 0;
			defaultConfigurationName = Release;
		};
		DF5252771EB13B6C009DDAB1 /* Build configuration list for PBXNativeTarget "INGHackthonUITests" */ = {
			isa = XCConfigurationList;
			buildConfigurations = (
				DF5252781EB13B6C009DDAB1 /* Debug */,
				DF5252791EB13B6C009DDAB1 /* Release */,
			);
			defaultConfigurationIsVisible = 0;
			defaultConfigurationName = Release;
		};
/* End XCConfigurationList section */
	};
	rootObject = DF52523F1EB13B6C009DDAB1 /* Project object */;
}
